
Microsoft Visual Studio Solution File, Format Version 12.00
# Visual Studio Version 17
VisualStudioVersion = 17.4.33213.308
MinimumVisualStudioVersion = 10.0.40219.1
Project("{FAE04EC0-301F-11D3-BF4B-00C04F79EFBC}") = "WindowsFormsAPP", "WindowsFormsAPP\WindowsFormsAPP.csproj", "{93AC7A5C-7C6D-4C56-89AC-1276EC9C1E5A}"
EndProject
Global
	GlobalSection(SolutionConfigurationPlatforms) = preSolution
		Debug|Any CPU = Debug|Any CPU
		Release|Any CPU = Release|Any CPU
	EndGlobalSection
	GlobalSection(ProjectConfigurationPlatforms) = postSolution
		{93AC7A5C-7C6D-4C56-89AC-1276EC9C1E5A}.Debug|Any CPU.ActiveCfg = Debug|Any CPU
		{93AC7A5C-7C6D-4C56-89AC-1276EC9C1E5A}.Debug|Any CPU.Build.0 = Debug|Any CPU
		{93AC7A5C-7C6D-4C56-89AC-1276EC9C1E5A}.Release|Any CPU.ActiveCfg = Release|Any CPU
		{93AC7A5C-7C6D-4C56-89AC-1276EC9C1E5A}.Release|Any CPU.Build.0 = Release|Any CPU
	EndGlobalSection
	GlobalSection(SolutionProperties) = preSolution
		HideSolutionNode = FALSE
	EndGlobalSection
	GlobalSection(ExtensibilityGlobals) = postSolution
		SolutionGuid = {46D7923C-C9B3-4AAC-8DE7-34EDD136390C}
	EndGlobalSection
EndGlobal
